// !$*UTF8*$!
{
	archiveVersion = 1;
	classes = {
	};
	objectVersion = 56;
	objects = {

/* Begin PBXBuildFile section */
		CA0BF46428C93FA600EE3E58 /* SolutionsList.swift in Sources */ = {isa = PBXBuildFile; fileRef = CA0BF46328C93FA600EE3E58 /* SolutionsList.swift */; };
		CA0BF46728C9AF6D00EE3E58 /* SolutionDetailView.swift in Sources */ = {isa = PBXBuildFile; fileRef = CA0BF46628C9AF6D00EE3E58 /* SolutionDetailView.swift */; };
		CA0BF46A28C9B11D00EE3E58 /* Tile.swift in Sources */ = {isa = PBXBuildFile; fileRef = CA0BF46928C9B11D00EE3E58 /* Tile.swift */; };
		CA0BF46C28C9C7ED00EE3E58 /* freq.csv in Resources */ = {isa = PBXBuildFile; fileRef = CA0BF46B28C9C7ED00EE3E58 /* freq.csv */; };
		CA12CA2728C6CA1500CD9876 /* Direction.swift in Sources */ = {isa = PBXBuildFile; fileRef = CA12CA2628C6CA1500CD9876 /* Direction.swift */; };
		CA1867B928C5095100DD75C7 /* QLessCluesApp.swift in Sources */ = {isa = PBXBuildFile; fileRef = CA1867B828C5095100DD75C7 /* QLessCluesApp.swift */; };
		CA1867BD28C5095200DD75C7 /* Assets.xcassets in Resources */ = {isa = PBXBuildFile; fileRef = CA1867BC28C5095200DD75C7 /* Assets.xcassets */; };
		CA1867C028C5095200DD75C7 /* Preview Assets.xcassets in Resources */ = {isa = PBXBuildFile; fileRef = CA1867BF28C5095200DD75C7 /* Preview Assets.xcassets */; };
		CA1867D728C5195500DD75C7 /* StatisticsView.swift in Sources */ = {isa = PBXBuildFile; fileRef = CA1867D628C5195500DD75C7 /* StatisticsView.swift */; };
		CA1CEE4D28C65ADA00520C70 /* WordSet.swift in Sources */ = {isa = PBXBuildFile; fileRef = CA1CEE4C28C65ADA00520C70 /* WordSet.swift */; };
		CA1CEE5128C65AE100520C70 /* GameSolver.swift in Sources */ = {isa = PBXBuildFile; fileRef = CA1CEE4E28C65AE100520C70 /* GameSolver.swift */; };
		CA1CEE5228C65AE100520C70 /* BacktrackingSolver.swift in Sources */ = {isa = PBXBuildFile; fileRef = CA1CEE4F28C65AE100520C70 /* BacktrackingSolver.swift */; };
		CA1CEE5328C65AE100520C70 /* Solution.swift in Sources */ = {isa = PBXBuildFile; fileRef = CA1CEE5028C65AE100520C70 /* Solution.swift */; };
		CA1CEE5528C67BF200520C70 /* Validator.swift in Sources */ = {isa = PBXBuildFile; fileRef = CA1CEE5428C67BF200520C70 /* Validator.swift */; };
		CA1CEE5828C67C2000520C70 /* BasicValidator.swift in Sources */ = {isa = PBXBuildFile; fileRef = CA1CEE5728C67C2000520C70 /* BasicValidator.swift */; };
		CA1CEE5B28C6AF0000520C70 /* Position.swift in Sources */ = {isa = PBXBuildFile; fileRef = CA1CEE5A28C6AF0000520C70 /* Position.swift */; };
		CA1CEE5D28C6B36A00520C70 /* LetterSet.swift in Sources */ = {isa = PBXBuildFile; fileRef = CA1CEE5C28C6B36A00520C70 /* LetterSet.swift */; };
		CA1CEE5F28C6BA7D00520C70 /* Frequency.swift in Sources */ = {isa = PBXBuildFile; fileRef = CA1CEE5E28C6BA7D00520C70 /* Frequency.swift */; };
		CA24656B28D6838F001BFF71 /* Realm in Frameworks */ = {isa = PBXBuildFile; productRef = CA24656A28D6838F001BFF71 /* Realm */; };
		CA24656D28D6838F001BFF71 /* RealmSwift in Frameworks */ = {isa = PBXBuildFile; productRef = CA24656C28D6838F001BFF71 /* RealmSwift */; };
		CA24657428D69BD1001BFF71 /* Dictionary+Extensions.swift in Sources */ = {isa = PBXBuildFile; fileRef = CA24657328D69BD1001BFF71 /* Dictionary+Extensions.swift */; };
		CA24657828D6AF79001BFF71 /* Play.swift in Sources */ = {isa = PBXBuildFile; fileRef = CA24657728D6AF79001BFF71 /* Play.swift */; };
		CA6452A828C5C72900738762 /* LetterEntry.swift in Sources */ = {isa = PBXBuildFile; fileRef = CA6452A728C5C72900738762 /* LetterEntry.swift */; };
		CA6452BE28C5DFA200738762 /* words.txt in Resources */ = {isa = PBXBuildFile; fileRef = CA6452BD28C5DFA200738762 /* words.txt */; };
		CAB2751828DE9879002AF19D /* AnalysisInteractor.swift in Sources */ = {isa = PBXBuildFile; fileRef = CAB2751728DE9879002AF19D /* AnalysisInteractor.swift */; };
		CAB2751D28DE9925002AF19D /* Analysis.swift in Sources */ = {isa = PBXBuildFile; fileRef = CAB2751C28DE9925002AF19D /* Analysis.swift */; };
		CAB2751F28DE994B002AF19D /* Difficulty.swift in Sources */ = {isa = PBXBuildFile; fileRef = CAB2751E28DE994B002AF19D /* Difficulty.swift */; };
		CAB2752628DF8718002AF19D /* AnalysisView.swift in Sources */ = {isa = PBXBuildFile; fileRef = CAB2752528DF8718002AF19D /* AnalysisView.swift */; };
		CAB3CC2628D7D5840035DD1E /* FrequencyTests.swift in Sources */ = {isa = PBXBuildFile; fileRef = CAB3CC2528D7D5840035DD1E /* FrequencyTests.swift */; };
		CAB3CC2C28D7D5EA0035DD1E /* Realm in Frameworks */ = {isa = PBXBuildFile; productRef = CAB3CC2B28D7D5EA0035DD1E /* Realm */; };
		CAB3CC2E28D7D5EB0035DD1E /* RealmSwift in Frameworks */ = {isa = PBXBuildFile; productRef = CAB3CC2D28D7D5EA0035DD1E /* RealmSwift */; };
		CAB3CC3228D7E51C0035DD1E /* PlayGroup.swift in Sources */ = {isa = PBXBuildFile; fileRef = CAB3CC3128D7E51C0035DD1E /* PlayGroup.swift */; };
		CAB3CC3728D7E6380035DD1E /* ContentView.swift in Sources */ = {isa = PBXBuildFile; fileRef = CAB3CC3628D7E6380035DD1E /* ContentView.swift */; };
		CAB3CC3A28D7E6B10035DD1E /* PlayRow.swift in Sources */ = {isa = PBXBuildFile; fileRef = CAB3CC3928D7E6B10035DD1E /* PlayRow.swift */; };
		CAB3CC3C28D7E74A0035DD1E /* PlayDetailView.swift in Sources */ = {isa = PBXBuildFile; fileRef = CAB3CC3B28D7E74A0035DD1E /* PlayDetailView.swift */; };
		CAB3CC3F28D7F2340035DD1E /* Container.swift in Sources */ = {isa = PBXBuildFile; fileRef = CAB3CC3E28D7F2340035DD1E /* Container.swift */; };
		CAB3CC4128D7F2540035DD1E /* Interactors.swift in Sources */ = {isa = PBXBuildFile; fileRef = CAB3CC4028D7F2540035DD1E /* Interactors.swift */; };
		CAB3CC4528D7F2860035DD1E /* SolutionsInteractor.swift in Sources */ = {isa = PBXBuildFile; fileRef = CAB3CC4428D7F2860035DD1E /* SolutionsInteractor.swift */; };
		CAB3CC4828D7F8490035DD1E /* AppEnvironment.swift in Sources */ = {isa = PBXBuildFile; fileRef = CAB3CC4728D7F8490035DD1E /* AppEnvironment.swift */; };
		CAB3CC4B28D800EB0035DD1E /* Loadable.swift in Sources */ = {isa = PBXBuildFile; fileRef = CAB3CC4A28D800EB0035DD1E /* Loadable.swift */; };
		CAB3CC4D28D801180035DD1E /* CancelBag.swift in Sources */ = {isa = PBXBuildFile; fileRef = CAB3CC4C28D801180035DD1E /* CancelBag.swift */; };
		CAB3CC5228D97E1B0035DD1E /* Statistics.swift in Sources */ = {isa = PBXBuildFile; fileRef = CAB3CC5128D97E1B0035DD1E /* Statistics.swift */; };
		CAB3CC5428DA926E0035DD1E /* Date+Extensions.swift in Sources */ = {isa = PBXBuildFile; fileRef = CAB3CC5328DA926E0035DD1E /* Date+Extensions.swift */; };
		CAB3CC7428DC2C970035DD1E /* Account.swift in Sources */ = {isa = PBXBuildFile; fileRef = CAB3CC7328DC2C970035DD1E /* Account.swift */; };
		CAB3CC7C28DC3E100035DD1E /* AccountInteractor.swift in Sources */ = {isa = PBXBuildFile; fileRef = CAB3CC7B28DC3E100035DD1E /* AccountInteractor.swift */; };
		CAB3CC8028DC3FB20035DD1E /* AccountRepository.swift in Sources */ = {isa = PBXBuildFile; fileRef = CAB3CC7F28DC3FB20035DD1E /* AccountRepository.swift */; };
		CAB3CC8328DC41A00035DD1E /* KeychainAccess in Frameworks */ = {isa = PBXBuildFile; productRef = CAB3CC8228DC41A00035DD1E /* KeychainAccess */; };
		CAB3CC8528DC43370035DD1E /* Store.swift in Sources */ = {isa = PBXBuildFile; fileRef = CAB3CC8428DC43370035DD1E /* Store.swift */; };
		CAB3CC8728DC43620035DD1E /* AppState.swift in Sources */ = {isa = PBXBuildFile; fileRef = CAB3CC8628DC43620035DD1E /* AppState.swift */; };
		CAB3CC8928DC441F0035DD1E /* Publisher+Extensions.swift in Sources */ = {isa = PBXBuildFile; fileRef = CAB3CC8828DC441F0035DD1E /* Publisher+Extensions.swift */; };
		CABF28C828C57C4E00A0C0E1 /* RecordPlayView.swift in Sources */ = {isa = PBXBuildFile; fileRef = CABF28C728C57C4E00A0C0E1 /* RecordPlayView.swift */; };
/* End PBXBuildFile section */

/* Begin PBXContainerItemProxy section */
		CA1CEE6828C6C03C00520C70 /* PBXContainerItemProxy */ = {
			isa = PBXContainerItemProxy;
			containerPortal = CA1867AD28C5095100DD75C7 /* Project object */;
			proxyType = 1;
			remoteGlobalIDString = CA1867B428C5095100DD75C7;
			remoteInfo = QLessClues;
		};
/* End PBXContainerItemProxy section */

/* Begin PBXFileReference section */
		CA0BF46328C93FA600EE3E58 /* SolutionsList.swift */ = {isa = PBXFileReference; lastKnownFileType = sourcecode.swift; path = SolutionsList.swift; sourceTree = "<group>"; };
		CA0BF46628C9AF6D00EE3E58 /* SolutionDetailView.swift */ = {isa = PBXFileReference; lastKnownFileType = sourcecode.swift; path = SolutionDetailView.swift; sourceTree = "<group>"; };
		CA0BF46928C9B11D00EE3E58 /* Tile.swift */ = {isa = PBXFileReference; lastKnownFileType = sourcecode.swift; path = Tile.swift; sourceTree = "<group>"; };
		CA0BF46B28C9C7ED00EE3E58 /* freq.csv */ = {isa = PBXFileReference; fileEncoding = 4; lastKnownFileType = text; path = freq.csv; sourceTree = "<group>"; };
		CA12CA2628C6CA1500CD9876 /* Direction.swift */ = {isa = PBXFileReference; lastKnownFileType = sourcecode.swift; path = Direction.swift; sourceTree = "<group>"; };
		CA1867B528C5095100DD75C7 /* QLessClues.app */ = {isa = PBXFileReference; explicitFileType = wrapper.application; includeInIndex = 0; path = QLessClues.app; sourceTree = BUILT_PRODUCTS_DIR; };
		CA1867B828C5095100DD75C7 /* QLessCluesApp.swift */ = {isa = PBXFileReference; lastKnownFileType = sourcecode.swift; path = QLessCluesApp.swift; sourceTree = "<group>"; };
		CA1867BC28C5095200DD75C7 /* Assets.xcassets */ = {isa = PBXFileReference; lastKnownFileType = folder.assetcatalog; path = Assets.xcassets; sourceTree = "<group>"; };
		CA1867BF28C5095200DD75C7 /* Preview Assets.xcassets */ = {isa = PBXFileReference; lastKnownFileType = folder.assetcatalog; path = "Preview Assets.xcassets"; sourceTree = "<group>"; };
		CA1867D628C5195500DD75C7 /* StatisticsView.swift */ = {isa = PBXFileReference; lastKnownFileType = sourcecode.swift; path = StatisticsView.swift; sourceTree = "<group>"; };
		CA1CEE4C28C65ADA00520C70 /* WordSet.swift */ = {isa = PBXFileReference; fileEncoding = 4; lastKnownFileType = sourcecode.swift; path = WordSet.swift; sourceTree = "<group>"; };
		CA1CEE4E28C65AE100520C70 /* GameSolver.swift */ = {isa = PBXFileReference; fileEncoding = 4; lastKnownFileType = sourcecode.swift; path = GameSolver.swift; sourceTree = "<group>"; };
		CA1CEE4F28C65AE100520C70 /* BacktrackingSolver.swift */ = {isa = PBXFileReference; fileEncoding = 4; lastKnownFileType = sourcecode.swift; path = BacktrackingSolver.swift; sourceTree = "<group>"; };
		CA1CEE5028C65AE100520C70 /* Solution.swift */ = {isa = PBXFileReference; fileEncoding = 4; lastKnownFileType = sourcecode.swift; path = Solution.swift; sourceTree = "<group>"; };
		CA1CEE5428C67BF200520C70 /* Validator.swift */ = {isa = PBXFileReference; lastKnownFileType = sourcecode.swift; path = Validator.swift; sourceTree = "<group>"; };
		CA1CEE5728C67C2000520C70 /* BasicValidator.swift */ = {isa = PBXFileReference; lastKnownFileType = sourcecode.swift; path = BasicValidator.swift; sourceTree = "<group>"; };
		CA1CEE5A28C6AF0000520C70 /* Position.swift */ = {isa = PBXFileReference; lastKnownFileType = sourcecode.swift; path = Position.swift; sourceTree = "<group>"; };
		CA1CEE5C28C6B36A00520C70 /* LetterSet.swift */ = {isa = PBXFileReference; lastKnownFileType = sourcecode.swift; path = LetterSet.swift; sourceTree = "<group>"; };
		CA1CEE5E28C6BA7D00520C70 /* Frequency.swift */ = {isa = PBXFileReference; lastKnownFileType = sourcecode.swift; path = Frequency.swift; sourceTree = "<group>"; };
		CA1CEE6428C6C03C00520C70 /* QLessCluesTests.xctest */ = {isa = PBXFileReference; explicitFileType = wrapper.cfbundle; includeInIndex = 0; path = QLessCluesTests.xctest; sourceTree = BUILT_PRODUCTS_DIR; };
		CA24657328D69BD1001BFF71 /* Dictionary+Extensions.swift */ = {isa = PBXFileReference; lastKnownFileType = sourcecode.swift; path = "Dictionary+Extensions.swift"; sourceTree = "<group>"; };
		CA24657728D6AF79001BFF71 /* Play.swift */ = {isa = PBXFileReference; lastKnownFileType = sourcecode.swift; path = Play.swift; sourceTree = "<group>"; };
		CA6452A728C5C72900738762 /* LetterEntry.swift */ = {isa = PBXFileReference; lastKnownFileType = sourcecode.swift; path = LetterEntry.swift; sourceTree = "<group>"; };
		CA6452BD28C5DFA200738762 /* words.txt */ = {isa = PBXFileReference; fileEncoding = 4; lastKnownFileType = text; path = words.txt; sourceTree = "<group>"; };
		CAB2751728DE9879002AF19D /* AnalysisInteractor.swift */ = {isa = PBXFileReference; lastKnownFileType = sourcecode.swift; path = AnalysisInteractor.swift; sourceTree = "<group>"; };
		CAB2751C28DE9925002AF19D /* Analysis.swift */ = {isa = PBXFileReference; lastKnownFileType = sourcecode.swift; path = Analysis.swift; sourceTree = "<group>"; };
		CAB2751E28DE994B002AF19D /* Difficulty.swift */ = {isa = PBXFileReference; lastKnownFileType = sourcecode.swift; path = Difficulty.swift; sourceTree = "<group>"; };
		CAB2752528DF8718002AF19D /* AnalysisView.swift */ = {isa = PBXFileReference; lastKnownFileType = sourcecode.swift; path = AnalysisView.swift; sourceTree = "<group>"; };
		CAB3CC2528D7D5840035DD1E /* FrequencyTests.swift */ = {isa = PBXFileReference; fileEncoding = 4; lastKnownFileType = sourcecode.swift; path = FrequencyTests.swift; sourceTree = "<group>"; };
		CAB3CC3128D7E51C0035DD1E /* PlayGroup.swift */ = {isa = PBXFileReference; lastKnownFileType = sourcecode.swift; path = PlayGroup.swift; sourceTree = "<group>"; };
		CAB3CC3628D7E6380035DD1E /* ContentView.swift */ = {isa = PBXFileReference; lastKnownFileType = sourcecode.swift; path = ContentView.swift; sourceTree = "<group>"; };
		CAB3CC3928D7E6B10035DD1E /* PlayRow.swift */ = {isa = PBXFileReference; lastKnownFileType = sourcecode.swift; path = PlayRow.swift; sourceTree = "<group>"; };
		CAB3CC3B28D7E74A0035DD1E /* PlayDetailView.swift */ = {isa = PBXFileReference; lastKnownFileType = sourcecode.swift; path = PlayDetailView.swift; sourceTree = "<group>"; };
		CAB3CC3E28D7F2340035DD1E /* Container.swift */ = {isa = PBXFileReference; lastKnownFileType = sourcecode.swift; path = Container.swift; sourceTree = "<group>"; };
		CAB3CC4028D7F2540035DD1E /* Interactors.swift */ = {isa = PBXFileReference; lastKnownFileType = sourcecode.swift; path = Interactors.swift; sourceTree = "<group>"; };
		CAB3CC4428D7F2860035DD1E /* SolutionsInteractor.swift */ = {isa = PBXFileReference; lastKnownFileType = sourcecode.swift; path = SolutionsInteractor.swift; sourceTree = "<group>"; };
		CAB3CC4728D7F8490035DD1E /* AppEnvironment.swift */ = {isa = PBXFileReference; lastKnownFileType = sourcecode.swift; path = AppEnvironment.swift; sourceTree = "<group>"; };
		CAB3CC4A28D800EB0035DD1E /* Loadable.swift */ = {isa = PBXFileReference; lastKnownFileType = sourcecode.swift; path = Loadable.swift; sourceTree = "<group>"; };
		CAB3CC4C28D801180035DD1E /* CancelBag.swift */ = {isa = PBXFileReference; lastKnownFileType = sourcecode.swift; path = CancelBag.swift; sourceTree = "<group>"; };
		CAB3CC5128D97E1B0035DD1E /* Statistics.swift */ = {isa = PBXFileReference; lastKnownFileType = sourcecode.swift; path = Statistics.swift; sourceTree = "<group>"; };
		CAB3CC5328DA926E0035DD1E /* Date+Extensions.swift */ = {isa = PBXFileReference; lastKnownFileType = sourcecode.swift; path = "Date+Extensions.swift"; sourceTree = "<group>"; };
		CAB3CC7328DC2C970035DD1E /* Account.swift */ = {isa = PBXFileReference; lastKnownFileType = sourcecode.swift; path = Account.swift; sourceTree = "<group>"; };
		CAB3CC7B28DC3E100035DD1E /* AccountInteractor.swift */ = {isa = PBXFileReference; lastKnownFileType = sourcecode.swift; path = AccountInteractor.swift; sourceTree = "<group>"; };
		CAB3CC7F28DC3FB20035DD1E /* AccountRepository.swift */ = {isa = PBXFileReference; lastKnownFileType = sourcecode.swift; path = AccountRepository.swift; sourceTree = "<group>"; };
		CAB3CC8428DC43370035DD1E /* Store.swift */ = {isa = PBXFileReference; lastKnownFileType = sourcecode.swift; path = Store.swift; sourceTree = "<group>"; };
		CAB3CC8628DC43620035DD1E /* AppState.swift */ = {isa = PBXFileReference; lastKnownFileType = sourcecode.swift; path = AppState.swift; sourceTree = "<group>"; };
		CAB3CC8828DC441F0035DD1E /* Publisher+Extensions.swift */ = {isa = PBXFileReference; lastKnownFileType = sourcecode.swift; path = "Publisher+Extensions.swift"; sourceTree = "<group>"; };
		CABF28C728C57C4E00A0C0E1 /* RecordPlayView.swift */ = {isa = PBXFileReference; lastKnownFileType = sourcecode.swift; path = RecordPlayView.swift; sourceTree = "<group>"; };
/* End PBXFileReference section */

/* Begin PBXFrameworksBuildPhase section */
		CA1867B228C5095100DD75C7 /* Frameworks */ = {
			isa = PBXFrameworksBuildPhase;
			buildActionMask = 2147483647;
			files = (
				CA24656D28D6838F001BFF71 /* RealmSwift in Frameworks */,
				CA24656B28D6838F001BFF71 /* Realm in Frameworks */,
				CAB3CC8328DC41A00035DD1E /* KeychainAccess in Frameworks */,
			);
			runOnlyForDeploymentPostprocessing = 0;
		};
		CA1CEE6128C6C03C00520C70 /* Frameworks */ = {
			isa = PBXFrameworksBuildPhase;
			buildActionMask = 2147483647;
			files = (
				CAB3CC2E28D7D5EB0035DD1E /* RealmSwift in Frameworks */,
				CAB3CC2C28D7D5EA0035DD1E /* Realm in Frameworks */,
			);
			runOnlyForDeploymentPostprocessing = 0;
		};
/* End PBXFrameworksBuildPhase section */

/* Begin PBXGroup section */
		CA0BF46528C9AF5E00EE3E58 /* Solutions */ = {
			isa = PBXGroup;
			children = (
				CA0BF46828C9B11500EE3E58 /* Views */,
				CA0BF46628C9AF6D00EE3E58 /* SolutionDetailView.swift */,
			);
			path = Solutions;
			sourceTree = "<group>";
		};
		CA0BF46828C9B11500EE3E58 /* Views */ = {
			isa = PBXGroup;
			children = (
				CA0BF46928C9B11D00EE3E58 /* Tile.swift */,
			);
			path = Views;
			sourceTree = "<group>";
		};
		CA1867AC28C5095100DD75C7 = {
			isa = PBXGroup;
			children = (
				CA1867B728C5095100DD75C7 /* QLessClues */,
				CA1CEE6528C6C03C00520C70 /* QLessCluesTests */,
				CA1867B628C5095100DD75C7 /* Products */,
				CA1CEE7428C6C74B00520C70 /* Frameworks */,
			);
			sourceTree = "<group>";
		};
		CA1867B628C5095100DD75C7 /* Products */ = {
			isa = PBXGroup;
			children = (
				CA1867B528C5095100DD75C7 /* QLessClues.app */,
				CA1CEE6428C6C03C00520C70 /* QLessCluesTests.xctest */,
			);
			name = Products;
			sourceTree = "<group>";
		};
		CA1867B728C5095100DD75C7 /* QLessClues */ = {
			isa = PBXGroup;
			children = (
				CA1867BC28C5095200DD75C7 /* Assets.xcassets */,
				CA1867BE28C5095200DD75C7 /* Preview Content */,
				CA1867C728C5096F00DD75C7 /* Resources */,
				CA1867C628C5096A00DD75C7 /* Source */,
			);
			path = QLessClues;
			sourceTree = "<group>";
		};
		CA1867BE28C5095200DD75C7 /* Preview Content */ = {
			isa = PBXGroup;
			children = (
				CA1867BF28C5095200DD75C7 /* Preview Assets.xcassets */,
			);
			path = "Preview Content";
			sourceTree = "<group>";
		};
		CA1867C628C5096A00DD75C7 /* Source */ = {
			isa = PBXGroup;
			children = (
				CA24657128D69BBD001BFF71 /* Libraries */,
				CA6452B128C5D44700738762 /* Services */,
				CA1867C928C50F3C00DD75C7 /* Features */,
				CA1867B828C5095100DD75C7 /* QLessCluesApp.swift */,
				CAB3CC3628D7E6380035DD1E /* ContentView.swift */,
			);
			path = Source;
			sourceTree = "<group>";
		};
		CA1867C728C5096F00DD75C7 /* Resources */ = {
			isa = PBXGroup;
			children = (
				CA0BF46B28C9C7ED00EE3E58 /* freq.csv */,
				CA6452BD28C5DFA200738762 /* words.txt */,
			);
			path = Resources;
			sourceTree = "<group>";
		};
		CA1867C928C50F3C00DD75C7 /* Features */ = {
			isa = PBXGroup;
			children = (
				CAB2752328DF870A002AF19D /* Analysis */,
				CABF28C628C57C2900A0C0E1 /* Record */,
				CA0BF46528C9AF5E00EE3E58 /* Solutions */,
				CA1867CB28C50FBB00DD75C7 /* Statistics */,
			);
			path = Features;
			sourceTree = "<group>";
		};
		CA1867CB28C50FBB00DD75C7 /* Statistics */ = {
			isa = PBXGroup;
			children = (
				CAB3CC5028D97E0D0035DD1E /* Utilities */,
				CAB3CC3828D7E6AB0035DD1E /* Views */,
				CA1867D628C5195500DD75C7 /* StatisticsView.swift */,
			);
			path = Statistics;
			sourceTree = "<group>";
		};
		CA1CEE5628C67C1200520C70 /* Validator */ = {
			isa = PBXGroup;
			children = (
				CA1CEE5428C67BF200520C70 /* Validator.swift */,
				CA1CEE5728C67C2000520C70 /* BasicValidator.swift */,
			);
			path = Validator;
			sourceTree = "<group>";
		};
		CA1CEE5928C6AEF600520C70 /* Models */ = {
			isa = PBXGroup;
			children = (
				CA1CEE5028C65AE100520C70 /* Solution.swift */,
				CA1CEE5A28C6AF0000520C70 /* Position.swift */,
				CA12CA2628C6CA1500CD9876 /* Direction.swift */,
			);
			path = Models;
			sourceTree = "<group>";
		};
		CA1CEE6528C6C03C00520C70 /* QLessCluesTests */ = {
			isa = PBXGroup;
			children = (
				CAB3CC2328D7D5500035DD1E /* Libraries */,
			);
			path = QLessCluesTests;
			sourceTree = "<group>";
		};
		CA1CEE7428C6C74B00520C70 /* Frameworks */ = {
			isa = PBXGroup;
			children = (
			);
			name = Frameworks;
			sourceTree = "<group>";
		};
		CA24657128D69BBD001BFF71 /* Libraries */ = {
			isa = PBXGroup;
			children = (
				CAB3CC4928D800E40035DD1E /* Loadable */,
				CAB3CC2F28D7D8540035DD1E /* Dictionary */,
				CAB3CC4628D7F83D0035DD1E /* Environment */,
				CA24657228D69BC7001BFF71 /* Extensions */,
			);
			path = Libraries;
			sourceTree = "<group>";
		};
		CA24657228D69BC7001BFF71 /* Extensions */ = {
			isa = PBXGroup;
			children = (
				CA24657328D69BD1001BFF71 /* Dictionary+Extensions.swift */,
				CAB3CC5328DA926E0035DD1E /* Date+Extensions.swift */,
				CAB3CC8828DC441F0035DD1E /* Publisher+Extensions.swift */,
			);
			path = Extensions;
			sourceTree = "<group>";
		};
		CA24657528D6AF6F001BFF71 /* Store */ = {
			isa = PBXGroup;
			children = (
				CAB3CC7E28DC3FA50035DD1E /* Repositories */,
				CAB3CC7228DC2C8E0035DD1E /* Account */,
				CA24657628D6AF73001BFF71 /* Models */,
				CAB3CC8428DC43370035DD1E /* Store.swift */,
			);
			path = Store;
			sourceTree = "<group>";
		};
		CA24657628D6AF73001BFF71 /* Models */ = {
			isa = PBXGroup;
			children = (
				CA24657728D6AF79001BFF71 /* Play.swift */,
				CAB3CC3128D7E51C0035DD1E /* PlayGroup.swift */,
			);
			path = Models;
			sourceTree = "<group>";
		};
		CA6452A628C5C71C00738762 /* Views */ = {
			isa = PBXGroup;
			children = (
				CA6452A728C5C72900738762 /* LetterEntry.swift */,
			);
			path = Views;
			sourceTree = "<group>";
		};
		CA6452B128C5D44700738762 /* Services */ = {
			isa = PBXGroup;
			children = (
				CAB3CC4228D7F2770035DD1E /* Interactors */,
				CA24657528D6AF6F001BFF71 /* Store */,
				CA6452B228C5D44B00738762 /* Solver */,
				CA1CEE5628C67C1200520C70 /* Validator */,
			);
			path = Services;
			sourceTree = "<group>";
		};
		CA6452B228C5D44B00738762 /* Solver */ = {
			isa = PBXGroup;
			children = (
				CA1CEE5928C6AEF600520C70 /* Models */,
				CA1CEE4F28C65AE100520C70 /* BacktrackingSolver.swift */,
				CA1CEE4E28C65AE100520C70 /* GameSolver.swift */,
			);
			path = Solver;
			sourceTree = "<group>";
		};
		CAB2751628DE9868002AF19D /* Analysis */ = {
			isa = PBXGroup;
			children = (
				CAB2752228DEA53A002AF19D /* Models */,
				CAB2751728DE9879002AF19D /* AnalysisInteractor.swift */,
			);
			path = Analysis;
			sourceTree = "<group>";
		};
		CAB2752228DEA53A002AF19D /* Models */ = {
			isa = PBXGroup;
			children = (
				CAB2751C28DE9925002AF19D /* Analysis.swift */,
				CAB2751E28DE994B002AF19D /* Difficulty.swift */,
			);
			path = Models;
			sourceTree = "<group>";
		};
		CAB2752328DF870A002AF19D /* Analysis */ = {
			isa = PBXGroup;
			children = (
				CAB2752428DF8710002AF19D /* Views */,
			);
			path = Analysis;
			sourceTree = "<group>";
		};
		CAB2752428DF8710002AF19D /* Views */ = {
			isa = PBXGroup;
			children = (
				CAB2752528DF8718002AF19D /* AnalysisView.swift */,
			);
			path = Views;
			sourceTree = "<group>";
		};
		CAB3CC2328D7D5500035DD1E /* Libraries */ = {
			isa = PBXGroup;
			children = (
				CAB3CC2428D7D5560035DD1E /* Dictionary */,
			);
			path = Libraries;
			sourceTree = "<group>";
		};
		CAB3CC2428D7D5560035DD1E /* Dictionary */ = {
			isa = PBXGroup;
			children = (
				CAB3CC2528D7D5840035DD1E /* FrequencyTests.swift */,
			);
			path = Dictionary;
			sourceTree = "<group>";
		};
		CAB3CC2F28D7D8540035DD1E /* Dictionary */ = {
			isa = PBXGroup;
			children = (
				CA1CEE4C28C65ADA00520C70 /* WordSet.swift */,
				CA1CEE5C28C6B36A00520C70 /* LetterSet.swift */,
				CA1CEE5E28C6BA7D00520C70 /* Frequency.swift */,
			);
			path = Dictionary;
			sourceTree = "<group>";
		};
		CAB3CC3828D7E6AB0035DD1E /* Views */ = {
			isa = PBXGroup;
			children = (
				CAB3CC3928D7E6B10035DD1E /* PlayRow.swift */,
				CAB3CC3B28D7E74A0035DD1E /* PlayDetailView.swift */,
			);
			path = Views;
			sourceTree = "<group>";
		};
		CAB3CC4228D7F2770035DD1E /* Interactors */ = {
			isa = PBXGroup;
			children = (
				CAB3CC4028D7F2540035DD1E /* Interactors.swift */,
				CAB2751628DE9868002AF19D /* Analysis */,
				CAB3CC4328D7F27C0035DD1E /* Solutions */,
				CAB3CC7A28DC3E070035DD1E /* Account */,
			);
			path = Interactors;
			sourceTree = "<group>";
		};
		CAB3CC4328D7F27C0035DD1E /* Solutions */ = {
			isa = PBXGroup;
			children = (
				CAB3CC4428D7F2860035DD1E /* SolutionsInteractor.swift */,
			);
			path = Solutions;
			sourceTree = "<group>";
		};
		CAB3CC4628D7F83D0035DD1E /* Environment */ = {
			isa = PBXGroup;
			children = (
				CAB3CC4728D7F8490035DD1E /* AppEnvironment.swift */,
				CAB3CC8628DC43620035DD1E /* AppState.swift */,
				CAB3CC3E28D7F2340035DD1E /* Container.swift */,
			);
			path = Environment;
			sourceTree = "<group>";
		};
		CAB3CC4928D800E40035DD1E /* Loadable */ = {
			isa = PBXGroup;
			children = (
				CAB3CC4A28D800EB0035DD1E /* Loadable.swift */,
				CAB3CC4C28D801180035DD1E /* CancelBag.swift */,
			);
			path = Loadable;
			sourceTree = "<group>";
		};
		CAB3CC5028D97E0D0035DD1E /* Utilities */ = {
			isa = PBXGroup;
			children = (
				CAB3CC5128D97E1B0035DD1E /* Statistics.swift */,
			);
			path = Utilities;
			sourceTree = "<group>";
		};
		CAB3CC7228DC2C8E0035DD1E /* Account */ = {
			isa = PBXGroup;
			children = (
				CAB3CC7328DC2C970035DD1E /* Account.swift */,
			);
			path = Account;
			sourceTree = "<group>";
		};
		CAB3CC7A28DC3E070035DD1E /* Account */ = {
			isa = PBXGroup;
			children = (
				CAB3CC7B28DC3E100035DD1E /* AccountInteractor.swift */,
			);
			path = Account;
			sourceTree = "<group>";
		};
		CAB3CC7E28DC3FA50035DD1E /* Repositories */ = {
			isa = PBXGroup;
			children = (
				CAB3CC7F28DC3FB20035DD1E /* AccountRepository.swift */,
			);
			path = Repositories;
			sourceTree = "<group>";
		};
		CABF28C628C57C2900A0C0E1 /* Record */ = {
			isa = PBXGroup;
			children = (
				CA6452A628C5C71C00738762 /* Views */,
				CABF28C728C57C4E00A0C0E1 /* RecordPlayView.swift */,
				CA0BF46328C93FA600EE3E58 /* SolutionsList.swift */,
			);
			path = Record;
			sourceTree = "<group>";
		};
/* End PBXGroup section */

/* Begin PBXNativeTarget section */
		CA1867B428C5095100DD75C7 /* QLessClues */ = {
			isa = PBXNativeTarget;
			buildConfigurationList = CA1867C328C5095200DD75C7 /* Build configuration list for PBXNativeTarget "QLessClues" */;
			buildPhases = (
				CA1867C828C50A7E00DD75C7 /* SwiftLint */,
				CA1867B128C5095100DD75C7 /* Sources */,
				CA1867B228C5095100DD75C7 /* Frameworks */,
				CA1867B328C5095100DD75C7 /* Resources */,
			);
			buildRules = (
			);
			dependencies = (
			);
			name = QLessClues;
			packageProductDependencies = (
				CA24656A28D6838F001BFF71 /* Realm */,
				CA24656C28D6838F001BFF71 /* RealmSwift */,
				CAB3CC8228DC41A00035DD1E /* KeychainAccess */,
			);
			productName = QLessClues;
			productReference = CA1867B528C5095100DD75C7 /* QLessClues.app */;
			productType = "com.apple.product-type.application";
		};
		CA1CEE6328C6C03C00520C70 /* QLessCluesTests */ = {
			isa = PBXNativeTarget;
			buildConfigurationList = CA1CEE6A28C6C03C00520C70 /* Build configuration list for PBXNativeTarget "QLessCluesTests" */;
			buildPhases = (
				CA1CEE6028C6C03C00520C70 /* Sources */,
				CA1CEE6128C6C03C00520C70 /* Frameworks */,
				CA1CEE6228C6C03C00520C70 /* Resources */,
			);
			buildRules = (
			);
			dependencies = (
				CA1CEE6928C6C03C00520C70 /* PBXTargetDependency */,
			);
			name = QLessCluesTests;
			packageProductDependencies = (
				CAB3CC2B28D7D5EA0035DD1E /* Realm */,
				CAB3CC2D28D7D5EA0035DD1E /* RealmSwift */,
			);
			productName = QLessCluesTests;
			productReference = CA1CEE6428C6C03C00520C70 /* QLessCluesTests.xctest */;
			productType = "com.apple.product-type.bundle.unit-test";
		};
/* End PBXNativeTarget section */

/* Begin PBXProject section */
		CA1867AD28C5095100DD75C7 /* Project object */ = {
			isa = PBXProject;
			attributes = {
				BuildIndependentTargetsInParallel = 1;
				LastSwiftUpdateCheck = 1400;
				LastUpgradeCheck = 1400;
				TargetAttributes = {
					CA1867B428C5095100DD75C7 = {
						CreatedOnToolsVersion = 14.0;
					};
					CA1CEE6328C6C03C00520C70 = {
						CreatedOnToolsVersion = 14.0;
						LastSwiftMigration = 1400;
						TestTargetID = CA1867B428C5095100DD75C7;
					};
				};
			};
			buildConfigurationList = CA1867B028C5095100DD75C7 /* Build configuration list for PBXProject "QLessClues" */;
			compatibilityVersion = "Xcode 14.0";
			developmentRegion = en;
			hasScannedForEncodings = 0;
			knownRegions = (
				en,
				Base,
			);
			mainGroup = CA1867AC28C5095100DD75C7;
			packageReferences = (
				CA24656928D6838F001BFF71 /* XCRemoteSwiftPackageReference "realm-swift" */,
				CAB3CC8128DC41A00035DD1E /* XCRemoteSwiftPackageReference "KeychainAccess" */,
			);
			productRefGroup = CA1867B628C5095100DD75C7 /* Products */;
			projectDirPath = "";
			projectRoot = "";
			targets = (
				CA1867B428C5095100DD75C7 /* QLessClues */,
				CA1CEE6328C6C03C00520C70 /* QLessCluesTests */,
			);
		};
/* End PBXProject section */

/* Begin PBXResourcesBuildPhase section */
		CA1867B328C5095100DD75C7 /* Resources */ = {
			isa = PBXResourcesBuildPhase;
			buildActionMask = 2147483647;
			files = (
				CA0BF46C28C9C7ED00EE3E58 /* freq.csv in Resources */,
				CA1867C028C5095200DD75C7 /* Preview Assets.xcassets in Resources */,
				CA6452BE28C5DFA200738762 /* words.txt in Resources */,
				CA1867BD28C5095200DD75C7 /* Assets.xcassets in Resources */,
			);
			runOnlyForDeploymentPostprocessing = 0;
		};
		CA1CEE6228C6C03C00520C70 /* Resources */ = {
			isa = PBXResourcesBuildPhase;
			buildActionMask = 2147483647;
			files = (
			);
			runOnlyForDeploymentPostprocessing = 0;
		};
/* End PBXResourcesBuildPhase section */

/* Begin PBXShellScriptBuildPhase section */
		CA1867C828C50A7E00DD75C7 /* SwiftLint */ = {
			isa = PBXShellScriptBuildPhase;
			alwaysOutOfDate = 1;
			buildActionMask = 2147483647;
			files = (
			);
			inputFileListPaths = (
			);
			inputPaths = (
			);
			name = SwiftLint;
			outputFileListPaths = (
			);
			outputPaths = (
			);
			runOnlyForDeploymentPostprocessing = 0;
			shellPath = /bin/sh;
			shellScript = "if which swiftlint > /dev/null; then\n  swiftlint\nelse\n  echo \"warning: SwiftLint not installed, download from https://github.com/realm/SwiftLint\"\nfi\n";
		};
/* End PBXShellScriptBuildPhase section */

/* Begin PBXSourcesBuildPhase section */
		CA1867B128C5095100DD75C7 /* Sources */ = {
			isa = PBXSourcesBuildPhase;
			buildActionMask = 2147483647;
			files = (
				CA1CEE5B28C6AF0000520C70 /* Position.swift in Sources */,
				CAB3CC4B28D800EB0035DD1E /* Loadable.swift in Sources */,
				CAB3CC4528D7F2860035DD1E /* SolutionsInteractor.swift in Sources */,
				CA0BF46A28C9B11D00EE3E58 /* Tile.swift in Sources */,
				CA1CEE4D28C65ADA00520C70 /* WordSet.swift in Sources */,
				CAB3CC3C28D7E74A0035DD1E /* PlayDetailView.swift in Sources */,
				CA1CEE5128C65AE100520C70 /* GameSolver.swift in Sources */,
				CA1867B928C5095100DD75C7 /* QLessCluesApp.swift in Sources */,
				CAB3CC5228D97E1B0035DD1E /* Statistics.swift in Sources */,
				CAB3CC5428DA926E0035DD1E /* Date+Extensions.swift in Sources */,
				CAB3CC4D28D801180035DD1E /* CancelBag.swift in Sources */,
				CA1CEE5528C67BF200520C70 /* Validator.swift in Sources */,
				CAB3CC7C28DC3E100035DD1E /* AccountInteractor.swift in Sources */,
				CAB3CC3F28D7F2340035DD1E /* Container.swift in Sources */,
				CA24657428D69BD1001BFF71 /* Dictionary+Extensions.swift in Sources */,
				CAB3CC4128D7F2540035DD1E /* Interactors.swift in Sources */,
				CAB2751828DE9879002AF19D /* AnalysisInteractor.swift in Sources */,
				CA1CEE5328C65AE100520C70 /* Solution.swift in Sources */,
				CA12CA2728C6CA1500CD9876 /* Direction.swift in Sources */,
				CA1867D728C5195500DD75C7 /* StatisticsView.swift in Sources */,
				CA24657828D6AF79001BFF71 /* Play.swift in Sources */,
				CAB3CC8728DC43620035DD1E /* AppState.swift in Sources */,
				CA1CEE5F28C6BA7D00520C70 /* Frequency.swift in Sources */,
				CABF28C828C57C4E00A0C0E1 /* RecordPlayView.swift in Sources */,
				CAB3CC7428DC2C970035DD1E /* Account.swift in Sources */,
				CAB3CC4828D7F8490035DD1E /* AppEnvironment.swift in Sources */,
				CAB3CC8928DC441F0035DD1E /* Publisher+Extensions.swift in Sources */,
				CA1CEE5228C65AE100520C70 /* BacktrackingSolver.swift in Sources */,
				CAB2751D28DE9925002AF19D /* Analysis.swift in Sources */,
				CA0BF46728C9AF6D00EE3E58 /* SolutionDetailView.swift in Sources */,
				CAB3CC8028DC3FB20035DD1E /* AccountRepository.swift in Sources */,
				CAB3CC3728D7E6380035DD1E /* ContentView.swift in Sources */,
				CAB3CC3A28D7E6B10035DD1E /* PlayRow.swift in Sources */,
				CA6452A828C5C72900738762 /* LetterEntry.swift in Sources */,
				CA0BF46428C93FA600EE3E58 /* SolutionsList.swift in Sources */,
				CA1CEE5828C67C2000520C70 /* BasicValidator.swift in Sources */,
				CAB2751F28DE994B002AF19D /* Difficulty.swift in Sources */,
				CAB3CC8528DC43370035DD1E /* Store.swift in Sources */,
				CAB2752628DF8718002AF19D /* AnalysisView.swift in Sources */,
				CA1CEE5D28C6B36A00520C70 /* LetterSet.swift in Sources */,
				CAB3CC3228D7E51C0035DD1E /* PlayGroup.swift in Sources */,
			);
			runOnlyForDeploymentPostprocessing = 0;
		};
		CA1CEE6028C6C03C00520C70 /* Sources */ = {
			isa = PBXSourcesBuildPhase;
			buildActionMask = 2147483647;
			files = (
				CAB3CC2628D7D5840035DD1E /* FrequencyTests.swift in Sources */,
			);
			runOnlyForDeploymentPostprocessing = 0;
		};
/* End PBXSourcesBuildPhase section */

/* Begin PBXTargetDependency section */
		CA1CEE6928C6C03C00520C70 /* PBXTargetDependency */ = {
			isa = PBXTargetDependency;
			target = CA1867B428C5095100DD75C7 /* QLessClues */;
			targetProxy = CA1CEE6828C6C03C00520C70 /* PBXContainerItemProxy */;
		};
/* End PBXTargetDependency section */

/* Begin XCBuildConfiguration section */
		CA1867C128C5095200DD75C7 /* Debug */ = {
			isa = XCBuildConfiguration;
			buildSettings = {
				ALWAYS_SEARCH_USER_PATHS = NO;
				CLANG_ANALYZER_NONNULL = YES;
				CLANG_ANALYZER_NUMBER_OBJECT_CONVERSION = YES_AGGRESSIVE;
				CLANG_CXX_LANGUAGE_STANDARD = "gnu++20";
				CLANG_ENABLE_MODULES = YES;
				CLANG_ENABLE_OBJC_ARC = YES;
				CLANG_ENABLE_OBJC_WEAK = YES;
				CLANG_WARN_BLOCK_CAPTURE_AUTORELEASING = YES;
				CLANG_WARN_BOOL_CONVERSION = YES;
				CLANG_WARN_COMMA = YES;
				CLANG_WARN_CONSTANT_CONVERSION = YES;
				CLANG_WARN_DEPRECATED_OBJC_IMPLEMENTATIONS = YES;
				CLANG_WARN_DIRECT_OBJC_ISA_USAGE = YES_ERROR;
				CLANG_WARN_DOCUMENTATION_COMMENTS = YES;
				CLANG_WARN_EMPTY_BODY = YES;
				CLANG_WARN_ENUM_CONVERSION = YES;
				CLANG_WARN_INFINITE_RECURSION = YES;
				CLANG_WARN_INT_CONVERSION = YES;
				CLANG_WARN_NON_LITERAL_NULL_CONVERSION = YES;
				CLANG_WARN_OBJC_IMPLICIT_RETAIN_SELF = YES;
				CLANG_WARN_OBJC_LITERAL_CONVERSION = YES;
				CLANG_WARN_OBJC_ROOT_CLASS = YES_ERROR;
				CLANG_WARN_QUOTED_INCLUDE_IN_FRAMEWORK_HEADER = YES;
				CLANG_WARN_RANGE_LOOP_ANALYSIS = YES;
				CLANG_WARN_STRICT_PROTOTYPES = YES;
				CLANG_WARN_SUSPICIOUS_MOVE = YES;
				CLANG_WARN_UNGUARDED_AVAILABILITY = YES_AGGRESSIVE;
				CLANG_WARN_UNREACHABLE_CODE = YES;
				CLANG_WARN__DUPLICATE_METHOD_MATCH = YES;
				COPY_PHASE_STRIP = NO;
				DEBUG_INFORMATION_FORMAT = dwarf;
				ENABLE_STRICT_OBJC_MSGSEND = YES;
				ENABLE_TESTABILITY = YES;
				GCC_C_LANGUAGE_STANDARD = gnu11;
				GCC_DYNAMIC_NO_PIC = NO;
				GCC_NO_COMMON_BLOCKS = YES;
				GCC_OPTIMIZATION_LEVEL = 0;
				GCC_PREPROCESSOR_DEFINITIONS = (
					"DEBUG=1",
					"$(inherited)",
				);
				GCC_WARN_64_TO_32_BIT_CONVERSION = YES;
				GCC_WARN_ABOUT_RETURN_TYPE = YES_ERROR;
				GCC_WARN_UNDECLARED_SELECTOR = YES;
				GCC_WARN_UNINITIALIZED_AUTOS = YES_AGGRESSIVE;
				GCC_WARN_UNUSED_FUNCTION = YES;
				GCC_WARN_UNUSED_VARIABLE = YES;
				IPHONEOS_DEPLOYMENT_TARGET = 16.0;
				MTL_ENABLE_DEBUG_INFO = INCLUDE_SOURCE;
				MTL_FAST_MATH = YES;
				ONLY_ACTIVE_ARCH = YES;
				SDKROOT = iphoneos;
				SWIFT_ACTIVE_COMPILATION_CONDITIONS = DEBUG;
				SWIFT_OPTIMIZATION_LEVEL = "-Onone";
			};
			name = Debug;
		};
		CA1867C228C5095200DD75C7 /* Release */ = {
			isa = XCBuildConfiguration;
			buildSettings = {
				ALWAYS_SEARCH_USER_PATHS = NO;
				CLANG_ANALYZER_NONNULL = YES;
				CLANG_ANALYZER_NUMBER_OBJECT_CONVERSION = YES_AGGRESSIVE;
				CLANG_CXX_LANGUAGE_STANDARD = "gnu++20";
				CLANG_ENABLE_MODULES = YES;
				CLANG_ENABLE_OBJC_ARC = YES;
				CLANG_ENABLE_OBJC_WEAK = YES;
				CLANG_WARN_BLOCK_CAPTURE_AUTORELEASING = YES;
				CLANG_WARN_BOOL_CONVERSION = YES;
				CLANG_WARN_COMMA = YES;
				CLANG_WARN_CONSTANT_CONVERSION = YES;
				CLANG_WARN_DEPRECATED_OBJC_IMPLEMENTATIONS = YES;
				CLANG_WARN_DIRECT_OBJC_ISA_USAGE = YES_ERROR;
				CLANG_WARN_DOCUMENTATION_COMMENTS = YES;
				CLANG_WARN_EMPTY_BODY = YES;
				CLANG_WARN_ENUM_CONVERSION = YES;
				CLANG_WARN_INFINITE_RECURSION = YES;
				CLANG_WARN_INT_CONVERSION = YES;
				CLANG_WARN_NON_LITERAL_NULL_CONVERSION = YES;
				CLANG_WARN_OBJC_IMPLICIT_RETAIN_SELF = YES;
				CLANG_WARN_OBJC_LITERAL_CONVERSION = YES;
				CLANG_WARN_OBJC_ROOT_CLASS = YES_ERROR;
				CLANG_WARN_QUOTED_INCLUDE_IN_FRAMEWORK_HEADER = YES;
				CLANG_WARN_RANGE_LOOP_ANALYSIS = YES;
				CLANG_WARN_STRICT_PROTOTYPES = YES;
				CLANG_WARN_SUSPICIOUS_MOVE = YES;
				CLANG_WARN_UNGUARDED_AVAILABILITY = YES_AGGRESSIVE;
				CLANG_WARN_UNREACHABLE_CODE = YES;
				CLANG_WARN__DUPLICATE_METHOD_MATCH = YES;
				COPY_PHASE_STRIP = NO;
				DEBUG_INFORMATION_FORMAT = "dwarf-with-dsym";
				ENABLE_NS_ASSERTIONS = NO;
				ENABLE_STRICT_OBJC_MSGSEND = YES;
				GCC_C_LANGUAGE_STANDARD = gnu11;
				GCC_NO_COMMON_BLOCKS = YES;
				GCC_WARN_64_TO_32_BIT_CONVERSION = YES;
				GCC_WARN_ABOUT_RETURN_TYPE = YES_ERROR;
				GCC_WARN_UNDECLARED_SELECTOR = YES;
				GCC_WARN_UNINITIALIZED_AUTOS = YES_AGGRESSIVE;
				GCC_WARN_UNUSED_FUNCTION = YES;
				GCC_WARN_UNUSED_VARIABLE = YES;
				IPHONEOS_DEPLOYMENT_TARGET = 16.0;
				MTL_ENABLE_DEBUG_INFO = NO;
				MTL_FAST_MATH = YES;
				SDKROOT = iphoneos;
				SWIFT_COMPILATION_MODE = wholemodule;
				SWIFT_OPTIMIZATION_LEVEL = "-O";
				VALIDATE_PRODUCT = YES;
			};
			name = Release;
		};
		CA1867C428C5095200DD75C7 /* Debug */ = {
			isa = XCBuildConfiguration;
			buildSettings = {
				ASSETCATALOG_COMPILER_APPICON_NAME = AppIcon;
				ASSETCATALOG_COMPILER_GLOBAL_ACCENT_COLOR_NAME = AccentColor;
				CODE_SIGN_STYLE = Automatic;
				CURRENT_PROJECT_VERSION = 2;
				DEVELOPMENT_ASSET_PATHS = "\"QLessClues/Preview Content\"";
				DEVELOPMENT_TEAM = 3UBRXR267C;
				ENABLE_PREVIEWS = YES;
				GENERATE_INFOPLIST_FILE = YES;
				INFOPLIST_KEY_CFBundleDisplayName = Clueless;
				INFOPLIST_KEY_LSApplicationCategoryType = "public.app-category.utilities";
				INFOPLIST_KEY_UIApplicationSceneManifest_Generation = YES;
				INFOPLIST_KEY_UIApplicationSupportsIndirectInputEvents = YES;
				INFOPLIST_KEY_UILaunchScreen_Generation = YES;
				INFOPLIST_KEY_UISupportedInterfaceOrientations_iPad = "UIInterfaceOrientationPortrait UIInterfaceOrientationPortraitUpsideDown UIInterfaceOrientationLandscapeLeft UIInterfaceOrientationLandscapeRight";
				INFOPLIST_KEY_UISupportedInterfaceOrientations_iPhone = "UIInterfaceOrientationPortrait UIInterfaceOrientationLandscapeLeft UIInterfaceOrientationLandscapeRight";
				LD_RUNPATH_SEARCH_PATHS = (
					"$(inherited)",
					"@executable_path/Frameworks",
				);
				MARKETING_VERSION = 1.1.0;
				PRODUCT_BUNDLE_IDENTIFIER = ca.josephroque.clueless;
				PRODUCT_NAME = "$(TARGET_NAME)";
				SWIFT_EMIT_LOC_STRINGS = YES;
				SWIFT_VERSION = 5.0;
				TARGETED_DEVICE_FAMILY = "1,2";
			};
			name = Debug;
		};
		CA1867C528C5095200DD75C7 /* Release */ = {
			isa = XCBuildConfiguration;
			buildSettings = {
				ASSETCATALOG_COMPILER_APPICON_NAME = AppIcon;
				ASSETCATALOG_COMPILER_GLOBAL_ACCENT_COLOR_NAME = AccentColor;
				CODE_SIGN_STYLE = Automatic;
				CURRENT_PROJECT_VERSION = 2;
				DEVELOPMENT_ASSET_PATHS = "\"QLessClues/Preview Content\"";
				DEVELOPMENT_TEAM = 3UBRXR267C;
				ENABLE_PREVIEWS = YES;
				GENERATE_INFOPLIST_FILE = YES;
				INFOPLIST_KEY_CFBundleDisplayName = Clueless;
				INFOPLIST_KEY_LSApplicationCategoryType = "public.app-category.utilities";
				INFOPLIST_KEY_UIApplicationSceneManifest_Generation = YES;
				INFOPLIST_KEY_UIApplicationSupportsIndirectInputEvents = YES;
				INFOPLIST_KEY_UILaunchScreen_Generation = YES;
				INFOPLIST_KEY_UISupportedInterfaceOrientations_iPad = "UIInterfaceOrientationPortrait UIInterfaceOrientationPortraitUpsideDown UIInterfaceOrientationLandscapeLeft UIInterfaceOrientationLandscapeRight";
				INFOPLIST_KEY_UISupportedInterfaceOrientations_iPhone = "UIInterfaceOrientationPortrait UIInterfaceOrientationLandscapeLeft UIInterfaceOrientationLandscapeRight";
				LD_RUNPATH_SEARCH_PATHS = (
					"$(inherited)",
					"@executable_path/Frameworks",
				);
				MARKETING_VERSION = 1.1.0;
				PRODUCT_BUNDLE_IDENTIFIER = ca.josephroque.clueless;
				PRODUCT_NAME = "$(TARGET_NAME)";
				SWIFT_EMIT_LOC_STRINGS = YES;
				SWIFT_VERSION = 5.0;
				TARGETED_DEVICE_FAMILY = "1,2";
			};
			name = Release;
		};
		CA1CEE6B28C6C03C00520C70 /* Debug */ = {
			isa = XCBuildConfiguration;
			buildSettings = {
				BUNDLE_LOADER = "$(TEST_HOST)";
				CLANG_ENABLE_MODULES = YES;
				CODE_SIGN_STYLE = Automatic;
				CURRENT_PROJECT_VERSION = 1;
				DEVELOPMENT_TEAM = 3UBRXR267C;
				GENERATE_INFOPLIST_FILE = YES;
				LD_RUNPATH_SEARCH_PATHS = (
					"$(inherited)",
					"@executable_path/Frameworks",
					"@loader_path/Frameworks",
				);
				MARKETING_VERSION = 1.0;
				PRODUCT_BUNDLE_IDENTIFIER = ca.josephroque.QLessCluesTests;
				PRODUCT_NAME = "$(TARGET_NAME)";
				SUPPORTED_PLATFORMS = "iphoneos iphonesimulator";
				SUPPORTS_MACCATALYST = NO;
				SUPPORTS_MAC_DESIGNED_FOR_IPHONE_IPAD = YES;
				SWIFT_EMIT_LOC_STRINGS = NO;
				SWIFT_OPTIMIZATION_LEVEL = "-Onone";
				SWIFT_VERSION = 5.0;
				TARGETED_DEVICE_FAMILY = "1,2";
				TEST_HOST = "$(BUILT_PRODUCTS_DIR)/QLessClues.app/$(BUNDLE_EXECUTABLE_FOLDER_PATH)/QLessClues";
			};
			name = Debug;
		};
		CA1CEE6C28C6C03C00520C70 /* Release */ = {
			isa = XCBuildConfiguration;
			buildSettings = {
				BUNDLE_LOADER = "$(TEST_HOST)";
				CLANG_ENABLE_MODULES = YES;
				CODE_SIGN_STYLE = Automatic;
				CURRENT_PROJECT_VERSION = 1;
				DEVELOPMENT_TEAM = 3UBRXR267C;
				GENERATE_INFOPLIST_FILE = YES;
				LD_RUNPATH_SEARCH_PATHS = (
					"$(inherited)",
					"@executable_path/Frameworks",
					"@loader_path/Frameworks",
				);
				MARKETING_VERSION = 1.0;
				PRODUCT_BUNDLE_IDENTIFIER = ca.josephroque.QLessCluesTests;
				PRODUCT_NAME = "$(TARGET_NAME)";
				SUPPORTED_PLATFORMS = "iphoneos iphonesimulator";
				SUPPORTS_MACCATALYST = NO;
				SUPPORTS_MAC_DESIGNED_FOR_IPHONE_IPAD = YES;
				SWIFT_EMIT_LOC_STRINGS = NO;
				SWIFT_VERSION = 5.0;
				TARGETED_DEVICE_FAMILY = "1,2";
				TEST_HOST = "$(BUILT_PRODUCTS_DIR)/QLessClues.app/$(BUNDLE_EXECUTABLE_FOLDER_PATH)/QLessClues";
			};
			name = Release;
		};
/* End XCBuildConfiguration section */

/* Begin XCConfigurationList section */
		CA1867B028C5095100DD75C7 /* Build configuration list for PBXProject "QLessClues" */ = {
			isa = XCConfigurationList;
			buildConfigurations = (
				CA1867C128C5095200DD75C7 /* Debug */,
				CA1867C228C5095200DD75C7 /* Release */,
			);
			defaultConfigurationIsVisible = 0;
			defaultConfigurationName = Release;
		};
		CA1867C328C5095200DD75C7 /* Build configuration list for PBXNativeTarget "QLessClues" */ = {
			isa = XCConfigurationList;
			buildConfigurations = (
				CA1867C428C5095200DD75C7 /* Debug */,
				CA1867C528C5095200DD75C7 /* Release */,
			);
			defaultConfigurationIsVisible = 0;
			defaultConfigurationName = Release;
		};
		CA1CEE6A28C6C03C00520C70 /* Build configuration list for PBXNativeTarget "QLessCluesTests" */ = {
			isa = XCConfigurationList;
			buildConfigurations = (
				CA1CEE6B28C6C03C00520C70 /* Debug */,
				CA1CEE6C28C6C03C00520C70 /* Release */,
			);
			defaultConfigurationIsVisible = 0;
			defaultConfigurationName = Release;
		};
/* End XCConfigurationList section */

/* Begin XCRemoteSwiftPackageReference section */
		CA24656928D6838F001BFF71 /* XCRemoteSwiftPackageReference "realm-swift" */ = {
			isa = XCRemoteSwiftPackageReference;
			repositoryURL = "https://github.com/realm/realm-swift";
			requirement = {
				kind = upToNextMajorVersion;
				minimumVersion = 10.29.0;
			};
		};
		CAB3CC8128DC41A00035DD1E /* XCRemoteSwiftPackageReference "KeychainAccess" */ = {
			isa = XCRemoteSwiftPackageReference;
			repositoryURL = "https://github.com/kishikawakatsumi/KeychainAccess";
			requirement = {
				kind = upToNextMajorVersion;
				minimumVersion = 4.2.2;
			};
		};
/* End XCRemoteSwiftPackageReference section */

/* Begin XCSwiftPackageProductDependency section */
		CA24656A28D6838F001BFF71 /* Realm */ = {
			isa = XCSwiftPackageProductDependency;
			package = CA24656928D6838F001BFF71 /* XCRemoteSwiftPackageReference "realm-swift" */;
			productName = Realm;
		};
		CA24656C28D6838F001BFF71 /* RealmSwift */ = {
			isa = XCSwiftPackageProductDependency;
			package = CA24656928D6838F001BFF71 /* XCRemoteSwiftPackageReference "realm-swift" */;
			productName = RealmSwift;
		};
		CAB3CC2B28D7D5EA0035DD1E /* Realm */ = {
			isa = XCSwiftPackageProductDependency;
			package = CA24656928D6838F001BFF71 /* XCRemoteSwiftPackageReference "realm-swift" */;
			productName = Realm;
		};
		CAB3CC2D28D7D5EA0035DD1E /* RealmSwift */ = {
			isa = XCSwiftPackageProductDependency;
			package = CA24656928D6838F001BFF71 /* XCRemoteSwiftPackageReference "realm-swift" */;
			productName = RealmSwift;
		};
		CAB3CC8228DC41A00035DD1E /* KeychainAccess */ = {
			isa = XCSwiftPackageProductDependency;
			package = CAB3CC8128DC41A00035DD1E /* XCRemoteSwiftPackageReference "KeychainAccess" */;
			productName = KeychainAccess;
		};
/* End XCSwiftPackageProductDependency section */
	};
	rootObject = CA1867AD28C5095100DD75C7 /* Project object */;
}
