// !$*UTF8*$!
{
	archiveVersion = 1;
	classes = {
	};
	objectVersion = 56;
	objects = {

/* Begin PBXBuildFile section */
		CA1867B928C5095100DD75C7 /* QLessCluesApp.swift in Sources */ = {isa = PBXBuildFile; fileRef = CA1867B828C5095100DD75C7 /* QLessCluesApp.swift */; };
		CA1867BD28C5095200DD75C7 /* Assets.xcassets in Resources */ = {isa = PBXBuildFile; fileRef = CA1867BC28C5095200DD75C7 /* Assets.xcassets */; };
		CA1867C028C5095200DD75C7 /* Preview Assets.xcassets in Resources */ = {isa = PBXBuildFile; fileRef = CA1867BF28C5095200DD75C7 /* Preview Assets.xcassets */; };
		CA1867CE28C50FD000DD75C7 /* Play.swift in Sources */ = {isa = PBXBuildFile; fileRef = CA1867CD28C50FD000DD75C7 /* Play.swift */; };
		CA1867D128C5103500DD75C7 /* Boutique in Frameworks */ = {isa = PBXBuildFile; productRef = CA1867D028C5103500DD75C7 /* Boutique */; };
		CA1867D328C510ED00DD75C7 /* SolvedState.swift in Sources */ = {isa = PBXBuildFile; fileRef = CA1867D228C510ED00DD75C7 /* SolvedState.swift */; };
		CA1867D728C5195500DD75C7 /* StatisticsScreen.swift in Sources */ = {isa = PBXBuildFile; fileRef = CA1867D628C5195500DD75C7 /* StatisticsScreen.swift */; };
		CA1867D928C5196F00DD75C7 /* PlaysController.swift in Sources */ = {isa = PBXBuildFile; fileRef = CA1867D828C5196F00DD75C7 /* PlaysController.swift */; };
		CA6452A828C5C72900738762 /* LetterEntry.swift in Sources */ = {isa = PBXBuildFile; fileRef = CA6452A728C5C72900738762 /* LetterEntry.swift */; };
		CABF28C828C57C4E00A0C0E1 /* RecordPlayScreen.swift in Sources */ = {isa = PBXBuildFile; fileRef = CABF28C728C57C4E00A0C0E1 /* RecordPlayScreen.swift */; };
/* End PBXBuildFile section */

/* Begin PBXFileReference section */
		CA1867B528C5095100DD75C7 /* QLessClues.app */ = {isa = PBXFileReference; explicitFileType = wrapper.application; includeInIndex = 0; path = QLessClues.app; sourceTree = BUILT_PRODUCTS_DIR; };
		CA1867B828C5095100DD75C7 /* QLessCluesApp.swift */ = {isa = PBXFileReference; lastKnownFileType = sourcecode.swift; path = QLessCluesApp.swift; sourceTree = "<group>"; };
		CA1867BC28C5095200DD75C7 /* Assets.xcassets */ = {isa = PBXFileReference; lastKnownFileType = folder.assetcatalog; path = Assets.xcassets; sourceTree = "<group>"; };
		CA1867BF28C5095200DD75C7 /* Preview Assets.xcassets */ = {isa = PBXFileReference; lastKnownFileType = folder.assetcatalog; path = "Preview Assets.xcassets"; sourceTree = "<group>"; };
		CA1867CD28C50FD000DD75C7 /* Play.swift */ = {isa = PBXFileReference; lastKnownFileType = sourcecode.swift; path = Play.swift; sourceTree = "<group>"; };
		CA1867D228C510ED00DD75C7 /* SolvedState.swift */ = {isa = PBXFileReference; lastKnownFileType = sourcecode.swift; path = SolvedState.swift; sourceTree = "<group>"; };
		CA1867D628C5195500DD75C7 /* StatisticsScreen.swift */ = {isa = PBXFileReference; lastKnownFileType = sourcecode.swift; path = StatisticsScreen.swift; sourceTree = "<group>"; };
		CA1867D828C5196F00DD75C7 /* PlaysController.swift */ = {isa = PBXFileReference; lastKnownFileType = sourcecode.swift; path = PlaysController.swift; sourceTree = "<group>"; };
		CA6452A728C5C72900738762 /* LetterEntry.swift */ = {isa = PBXFileReference; lastKnownFileType = sourcecode.swift; path = LetterEntry.swift; sourceTree = "<group>"; };
		CABF28C728C57C4E00A0C0E1 /* RecordPlayScreen.swift */ = {isa = PBXFileReference; lastKnownFileType = sourcecode.swift; path = RecordPlayScreen.swift; sourceTree = "<group>"; };
/* End PBXFileReference section */

/* Begin PBXFrameworksBuildPhase section */
		CA1867B228C5095100DD75C7 /* Frameworks */ = {
			isa = PBXFrameworksBuildPhase;
			buildActionMask = 2147483647;
			files = (
				CA1867D128C5103500DD75C7 /* Boutique in Frameworks */,
			);
			runOnlyForDeploymentPostprocessing = 0;
		};
/* End PBXFrameworksBuildPhase section */

/* Begin PBXGroup section */
		CA1867AC28C5095100DD75C7 = {
			isa = PBXGroup;
			children = (
				CA1867B728C5095100DD75C7 /* QLessClues */,
				CA1867B628C5095100DD75C7 /* Products */,
			);
			sourceTree = "<group>";
		};
		CA1867B628C5095100DD75C7 /* Products */ = {
			isa = PBXGroup;
			children = (
				CA1867B528C5095100DD75C7 /* QLessClues.app */,
			);
			name = Products;
			sourceTree = "<group>";
		};
		CA1867B728C5095100DD75C7 /* QLessClues */ = {
			isa = PBXGroup;
			children = (
				CA1867BC28C5095200DD75C7 /* Assets.xcassets */,
				CA1867BE28C5095200DD75C7 /* Preview Content */,
				CA1867C728C5096F00DD75C7 /* Resources */,
				CA1867C628C5096A00DD75C7 /* Source */,
			);
			path = QLessClues;
			sourceTree = "<group>";
		};
		CA1867BE28C5095200DD75C7 /* Preview Content */ = {
			isa = PBXGroup;
			children = (
				CA1867BF28C5095200DD75C7 /* Preview Assets.xcassets */,
			);
			path = "Preview Content";
			sourceTree = "<group>";
		};
		CA1867C628C5096A00DD75C7 /* Source */ = {
			isa = PBXGroup;
			children = (
				CA1867C928C50F3C00DD75C7 /* Features */,
				CA1867B828C5095100DD75C7 /* QLessCluesApp.swift */,
			);
			path = Source;
			sourceTree = "<group>";
		};
		CA1867C728C5096F00DD75C7 /* Resources */ = {
			isa = PBXGroup;
			children = (
			);
			path = Resources;
			sourceTree = "<group>";
		};
		CA1867C928C50F3C00DD75C7 /* Features */ = {
			isa = PBXGroup;
			children = (
				CABF28C628C57C2900A0C0E1 /* Record */,
				CA1867CB28C50FBB00DD75C7 /* Statistics */,
			);
			path = Features;
			sourceTree = "<group>";
		};
		CA1867CB28C50FBB00DD75C7 /* Statistics */ = {
			isa = PBXGroup;
			children = (
				CA1867D428C5141800DD75C7 /* Controllers */,
				CA1867CC28C50FC200DD75C7 /* Models */,
				CA1867D628C5195500DD75C7 /* StatisticsScreen.swift */,
			);
			path = Statistics;
			sourceTree = "<group>";
		};
		CA1867CC28C50FC200DD75C7 /* Models */ = {
			isa = PBXGroup;
			children = (
				CA1867CD28C50FD000DD75C7 /* Play.swift */,
				CA1867D228C510ED00DD75C7 /* SolvedState.swift */,
			);
			path = Models;
			sourceTree = "<group>";
		};
		CA1867D428C5141800DD75C7 /* Controllers */ = {
			isa = PBXGroup;
			children = (
				CA1867D828C5196F00DD75C7 /* PlaysController.swift */,
			);
			path = Controllers;
			sourceTree = "<group>";
		};
		CA6452A628C5C71C00738762 /* Views */ = {
			isa = PBXGroup;
			children = (
				CA6452A728C5C72900738762 /* LetterEntry.swift */,
			);
			path = Views;
			sourceTree = "<group>";
		};
		CABF28C628C57C2900A0C0E1 /* Record */ = {
			isa = PBXGroup;
			children = (
				CA6452A628C5C71C00738762 /* Views */,
				CABF28C728C57C4E00A0C0E1 /* RecordPlayScreen.swift */,
			);
			path = Record;
			sourceTree = "<group>";
		};
/* End PBXGroup section */

/* Begin PBXNativeTarget section */
		CA1867B428C5095100DD75C7 /* QLessClues */ = {
			isa = PBXNativeTarget;
			buildConfigurationList = CA1867C328C5095200DD75C7 /* Build configuration list for PBXNativeTarget "QLessClues" */;
			buildPhases = (
				CA1867C828C50A7E00DD75C7 /* SwiftLint */,
				CA1867B128C5095100DD75C7 /* Sources */,
				CA1867B228C5095100DD75C7 /* Frameworks */,
				CA1867B328C5095100DD75C7 /* Resources */,
			);
			buildRules = (
			);
			dependencies = (
			);
			name = QLessClues;
			packageProductDependencies = (
				CA1867D028C5103500DD75C7 /* Boutique */,
			);
			productName = QLessClues;
			productReference = CA1867B528C5095100DD75C7 /* QLessClues.app */;
			productType = "com.apple.product-type.application";
		};
/* End PBXNativeTarget section */

/* Begin PBXProject section */
		CA1867AD28C5095100DD75C7 /* Project object */ = {
			isa = PBXProject;
			attributes = {
				BuildIndependentTargetsInParallel = 1;
				LastSwiftUpdateCheck = 1400;
				LastUpgradeCheck = 1400;
				TargetAttributes = {
					CA1867B428C5095100DD75C7 = {
						CreatedOnToolsVersion = 14.0;
					};
				};
			};
			buildConfigurationList = CA1867B028C5095100DD75C7 /* Build configuration list for PBXProject "QLessClues" */;
			compatibilityVersion = "Xcode 14.0";
			developmentRegion = en;
			hasScannedForEncodings = 0;
			knownRegions = (
				en,
				Base,
			);
			mainGroup = CA1867AC28C5095100DD75C7;
			packageReferences = (
				CA1867CF28C5103500DD75C7 /* XCRemoteSwiftPackageReference "Boutique" */,
			);
			productRefGroup = CA1867B628C5095100DD75C7 /* Products */;
			projectDirPath = "";
			projectRoot = "";
			targets = (
				CA1867B428C5095100DD75C7 /* QLessClues */,
			);
		};
/* End PBXProject section */

/* Begin PBXResourcesBuildPhase section */
		CA1867B328C5095100DD75C7 /* Resources */ = {
			isa = PBXResourcesBuildPhase;
			buildActionMask = 2147483647;
			files = (
				CA1867C028C5095200DD75C7 /* Preview Assets.xcassets in Resources */,
				CA1867BD28C5095200DD75C7 /* Assets.xcassets in Resources */,
			);
			runOnlyForDeploymentPostprocessing = 0;
		};
/* End PBXResourcesBuildPhase section */

/* Begin PBXShellScriptBuildPhase section */
		CA1867C828C50A7E00DD75C7 /* SwiftLint */ = {
			isa = PBXShellScriptBuildPhase;
			alwaysOutOfDate = 1;
			buildActionMask = 2147483647;
			files = (
			);
			inputFileListPaths = (
			);
			inputPaths = (
			);
			name = SwiftLint;
			outputFileListPaths = (
			);
			outputPaths = (
			);
			runOnlyForDeploymentPostprocessing = 0;
			shellPath = /bin/sh;
			shellScript = "if which swiftlint > /dev/null; then\n  swiftlint\nelse\n  echo \"warning: SwiftLint not installed, download from https://github.com/realm/SwiftLint\"\nfi\n";
		};
/* End PBXShellScriptBuildPhase section */

/* Begin PBXSourcesBuildPhase section */
		CA1867B128C5095100DD75C7 /* Sources */ = {
			isa = PBXSourcesBuildPhase;
			buildActionMask = 2147483647;
			files = (
				CA1867D928C5196F00DD75C7 /* PlaysController.swift in Sources */,
				CA1867B928C5095100DD75C7 /* QLessCluesApp.swift in Sources */,
				CA1867D728C5195500DD75C7 /* StatisticsScreen.swift in Sources */,
				CABF28C828C57C4E00A0C0E1 /* RecordPlayScreen.swift in Sources */,
				CA1867D328C510ED00DD75C7 /* SolvedState.swift in Sources */,
				CA6452A828C5C72900738762 /* LetterEntry.swift in Sources */,
				CA1867CE28C50FD000DD75C7 /* Play.swift in Sources */,
			);
			runOnlyForDeploymentPostprocessing = 0;
		};
/* End PBXSourcesBuildPhase section */

/* Begin XCBuildConfiguration section */
		CA1867C128C5095200DD75C7 /* Debug */ = {
			isa = XCBuildConfiguration;
			buildSettings = {
				ALWAYS_SEARCH_USER_PATHS = NO;
				CLANG_ANALYZER_NONNULL = YES;
				CLANG_ANALYZER_NUMBER_OBJECT_CONVERSION = YES_AGGRESSIVE;
				CLANG_CXX_LANGUAGE_STANDARD = "gnu++20";
				CLANG_ENABLE_MODULES = YES;
				CLANG_ENABLE_OBJC_ARC = YES;
				CLANG_ENABLE_OBJC_WEAK = YES;
				CLANG_WARN_BLOCK_CAPTURE_AUTORELEASING = YES;
				CLANG_WARN_BOOL_CONVERSION = YES;
				CLANG_WARN_COMMA = YES;
				CLANG_WARN_CONSTANT_CONVERSION = YES;
				CLANG_WARN_DEPRECATED_OBJC_IMPLEMENTATIONS = YES;
				CLANG_WARN_DIRECT_OBJC_ISA_USAGE = YES_ERROR;
				CLANG_WARN_DOCUMENTATION_COMMENTS = YES;
				CLANG_WARN_EMPTY_BODY = YES;
				CLANG_WARN_ENUM_CONVERSION = YES;
				CLANG_WARN_INFINITE_RECURSION = YES;
				CLANG_WARN_INT_CONVERSION = YES;
				CLANG_WARN_NON_LITERAL_NULL_CONVERSION = YES;
				CLANG_WARN_OBJC_IMPLICIT_RETAIN_SELF = YES;
				CLANG_WARN_OBJC_LITERAL_CONVERSION = YES;
				CLANG_WARN_OBJC_ROOT_CLASS = YES_ERROR;
				CLANG_WARN_QUOTED_INCLUDE_IN_FRAMEWORK_HEADER = YES;
				CLANG_WARN_RANGE_LOOP_ANALYSIS = YES;
				CLANG_WARN_STRICT_PROTOTYPES = YES;
				CLANG_WARN_SUSPICIOUS_MOVE = YES;
				CLANG_WARN_UNGUARDED_AVAILABILITY = YES_AGGRESSIVE;
				CLANG_WARN_UNREACHABLE_CODE = YES;
				CLANG_WARN__DUPLICATE_METHOD_MATCH = YES;
				COPY_PHASE_STRIP = NO;
				DEBUG_INFORMATION_FORMAT = dwarf;
				ENABLE_STRICT_OBJC_MSGSEND = YES;
				ENABLE_TESTABILITY = YES;
				GCC_C_LANGUAGE_STANDARD = gnu11;
				GCC_DYNAMIC_NO_PIC = NO;
				GCC_NO_COMMON_BLOCKS = YES;
				GCC_OPTIMIZATION_LEVEL = 0;
				GCC_PREPROCESSOR_DEFINITIONS = (
					"DEBUG=1",
					"$(inherited)",
				);
				GCC_WARN_64_TO_32_BIT_CONVERSION = YES;
				GCC_WARN_ABOUT_RETURN_TYPE = YES_ERROR;
				GCC_WARN_UNDECLARED_SELECTOR = YES;
				GCC_WARN_UNINITIALIZED_AUTOS = YES_AGGRESSIVE;
				GCC_WARN_UNUSED_FUNCTION = YES;
				GCC_WARN_UNUSED_VARIABLE = YES;
				IPHONEOS_DEPLOYMENT_TARGET = 16.0;
				MTL_ENABLE_DEBUG_INFO = INCLUDE_SOURCE;
				MTL_FAST_MATH = YES;
				ONLY_ACTIVE_ARCH = YES;
				SDKROOT = iphoneos;
				SWIFT_ACTIVE_COMPILATION_CONDITIONS = DEBUG;
				SWIFT_OPTIMIZATION_LEVEL = "-Onone";
			};
			name = Debug;
		};
		CA1867C228C5095200DD75C7 /* Release */ = {
			isa = XCBuildConfiguration;
			buildSettings = {
				ALWAYS_SEARCH_USER_PATHS = NO;
				CLANG_ANALYZER_NONNULL = YES;
				CLANG_ANALYZER_NUMBER_OBJECT_CONVERSION = YES_AGGRESSIVE;
				CLANG_CXX_LANGUAGE_STANDARD = "gnu++20";
				CLANG_ENABLE_MODULES = YES;
				CLANG_ENABLE_OBJC_ARC = YES;
				CLANG_ENABLE_OBJC_WEAK = YES;
				CLANG_WARN_BLOCK_CAPTURE_AUTORELEASING = YES;
				CLANG_WARN_BOOL_CONVERSION = YES;
				CLANG_WARN_COMMA = YES;
				CLANG_WARN_CONSTANT_CONVERSION = YES;
				CLANG_WARN_DEPRECATED_OBJC_IMPLEMENTATIONS = YES;
				CLANG_WARN_DIRECT_OBJC_ISA_USAGE = YES_ERROR;
				CLANG_WARN_DOCUMENTATION_COMMENTS = YES;
				CLANG_WARN_EMPTY_BODY = YES;
				CLANG_WARN_ENUM_CONVERSION = YES;
				CLANG_WARN_INFINITE_RECURSION = YES;
				CLANG_WARN_INT_CONVERSION = YES;
				CLANG_WARN_NON_LITERAL_NULL_CONVERSION = YES;
				CLANG_WARN_OBJC_IMPLICIT_RETAIN_SELF = YES;
				CLANG_WARN_OBJC_LITERAL_CONVERSION = YES;
				CLANG_WARN_OBJC_ROOT_CLASS = YES_ERROR;
				CLANG_WARN_QUOTED_INCLUDE_IN_FRAMEWORK_HEADER = YES;
				CLANG_WARN_RANGE_LOOP_ANALYSIS = YES;
				CLANG_WARN_STRICT_PROTOTYPES = YES;
				CLANG_WARN_SUSPICIOUS_MOVE = YES;
				CLANG_WARN_UNGUARDED_AVAILABILITY = YES_AGGRESSIVE;
				CLANG_WARN_UNREACHABLE_CODE = YES;
				CLANG_WARN__DUPLICATE_METHOD_MATCH = YES;
				COPY_PHASE_STRIP = NO;
				DEBUG_INFORMATION_FORMAT = "dwarf-with-dsym";
				ENABLE_NS_ASSERTIONS = NO;
				ENABLE_STRICT_OBJC_MSGSEND = YES;
				GCC_C_LANGUAGE_STANDARD = gnu11;
				GCC_NO_COMMON_BLOCKS = YES;
				GCC_WARN_64_TO_32_BIT_CONVERSION = YES;
				GCC_WARN_ABOUT_RETURN_TYPE = YES_ERROR;
				GCC_WARN_UNDECLARED_SELECTOR = YES;
				GCC_WARN_UNINITIALIZED_AUTOS = YES_AGGRESSIVE;
				GCC_WARN_UNUSED_FUNCTION = YES;
				GCC_WARN_UNUSED_VARIABLE = YES;
				IPHONEOS_DEPLOYMENT_TARGET = 16.0;
				MTL_ENABLE_DEBUG_INFO = NO;
				MTL_FAST_MATH = YES;
				SDKROOT = iphoneos;
				SWIFT_COMPILATION_MODE = wholemodule;
				SWIFT_OPTIMIZATION_LEVEL = "-O";
				VALIDATE_PRODUCT = YES;
			};
			name = Release;
		};
		CA1867C428C5095200DD75C7 /* Debug */ = {
			isa = XCBuildConfiguration;
			buildSettings = {
				ASSETCATALOG_COMPILER_APPICON_NAME = AppIcon;
				ASSETCATALOG_COMPILER_GLOBAL_ACCENT_COLOR_NAME = AccentColor;
				CODE_SIGN_STYLE = Automatic;
				CURRENT_PROJECT_VERSION = 1;
				DEVELOPMENT_ASSET_PATHS = "\"QLessClues/Preview Content\"";
				DEVELOPMENT_TEAM = 3UBRXR267C;
				ENABLE_PREVIEWS = YES;
				GENERATE_INFOPLIST_FILE = YES;
				INFOPLIST_KEY_CFBundleDisplayName = "Q-Less Clues";
				INFOPLIST_KEY_UIApplicationSceneManifest_Generation = YES;
				INFOPLIST_KEY_UIApplicationSupportsIndirectInputEvents = YES;
				INFOPLIST_KEY_UILaunchScreen_Generation = YES;
				INFOPLIST_KEY_UISupportedInterfaceOrientations_iPad = "UIInterfaceOrientationPortrait UIInterfaceOrientationPortraitUpsideDown UIInterfaceOrientationLandscapeLeft UIInterfaceOrientationLandscapeRight";
				INFOPLIST_KEY_UISupportedInterfaceOrientations_iPhone = "UIInterfaceOrientationPortrait UIInterfaceOrientationLandscapeLeft UIInterfaceOrientationLandscapeRight";
				LD_RUNPATH_SEARCH_PATHS = (
					"$(inherited)",
					"@executable_path/Frameworks",
				);
				MARKETING_VERSION = 1.0;
				PRODUCT_BUNDLE_IDENTIFIER = ca.josephroque.QLessClues;
				PRODUCT_NAME = "$(TARGET_NAME)";
				SWIFT_EMIT_LOC_STRINGS = YES;
				SWIFT_VERSION = 5.0;
				TARGETED_DEVICE_FAMILY = "1,2";
			};
			name = Debug;
		};
		CA1867C528C5095200DD75C7 /* Release */ = {
			isa = XCBuildConfiguration;
			buildSettings = {
				ASSETCATALOG_COMPILER_APPICON_NAME = AppIcon;
				ASSETCATALOG_COMPILER_GLOBAL_ACCENT_COLOR_NAME = AccentColor;
				CODE_SIGN_STYLE = Automatic;
				CURRENT_PROJECT_VERSION = 1;
				DEVELOPMENT_ASSET_PATHS = "\"QLessClues/Preview Content\"";
				DEVELOPMENT_TEAM = 3UBRXR267C;
				ENABLE_PREVIEWS = YES;
				GENERATE_INFOPLIST_FILE = YES;
				INFOPLIST_KEY_CFBundleDisplayName = "Q-Less Clues";
				INFOPLIST_KEY_UIApplicationSceneManifest_Generation = YES;
				INFOPLIST_KEY_UIApplicationSupportsIndirectInputEvents = YES;
				INFOPLIST_KEY_UILaunchScreen_Generation = YES;
				INFOPLIST_KEY_UISupportedInterfaceOrientations_iPad = "UIInterfaceOrientationPortrait UIInterfaceOrientationPortraitUpsideDown UIInterfaceOrientationLandscapeLeft UIInterfaceOrientationLandscapeRight";
				INFOPLIST_KEY_UISupportedInterfaceOrientations_iPhone = "UIInterfaceOrientationPortrait UIInterfaceOrientationLandscapeLeft UIInterfaceOrientationLandscapeRight";
				LD_RUNPATH_SEARCH_PATHS = (
					"$(inherited)",
					"@executable_path/Frameworks",
				);
				MARKETING_VERSION = 1.0;
				PRODUCT_BUNDLE_IDENTIFIER = ca.josephroque.QLessClues;
				PRODUCT_NAME = "$(TARGET_NAME)";
				SWIFT_EMIT_LOC_STRINGS = YES;
				SWIFT_VERSION = 5.0;
				TARGETED_DEVICE_FAMILY = "1,2";
			};
			name = Release;
		};
/* End XCBuildConfiguration section */

/* Begin XCConfigurationList section */
		CA1867B028C5095100DD75C7 /* Build configuration list for PBXProject "QLessClues" */ = {
			isa = XCConfigurationList;
			buildConfigurations = (
				CA1867C128C5095200DD75C7 /* Debug */,
				CA1867C228C5095200DD75C7 /* Release */,
			);
			defaultConfigurationIsVisible = 0;
			defaultConfigurationName = Release;
		};
		CA1867C328C5095200DD75C7 /* Build configuration list for PBXNativeTarget "QLessClues" */ = {
			isa = XCConfigurationList;
			buildConfigurations = (
				CA1867C428C5095200DD75C7 /* Debug */,
				CA1867C528C5095200DD75C7 /* Release */,
			);
			defaultConfigurationIsVisible = 0;
			defaultConfigurationName = Release;
		};
/* End XCConfigurationList section */

/* Begin XCRemoteSwiftPackageReference section */
		CA1867CF28C5103500DD75C7 /* XCRemoteSwiftPackageReference "Boutique" */ = {
			isa = XCRemoteSwiftPackageReference;
			repositoryURL = "https://github.com/mergesort/Boutique";
			requirement = {
				branch = main;
				kind = branch;
			};
		};
/* End XCRemoteSwiftPackageReference section */

/* Begin XCSwiftPackageProductDependency section */
		CA1867D028C5103500DD75C7 /* Boutique */ = {
			isa = XCSwiftPackageProductDependency;
			package = CA1867CF28C5103500DD75C7 /* XCRemoteSwiftPackageReference "Boutique" */;
			productName = Boutique;
		};
/* End XCSwiftPackageProductDependency section */
	};
	rootObject = CA1867AD28C5095100DD75C7 /* Project object */;
}
